
Microsoft Visual Studio Solution File, Format Version 12.00
# Visual Studio 14
VisualStudioVersion = 14.0.25420.1
MinimumVisualStudioVersion = 10.0.40219.1
Project("{FAE04EC0-301F-11D3-BF4B-00C04F79EFBC}") = "Lommeregner.Droid", "Lommeregner\Lommeregner.Droid\Lommeregner.Droid.csproj", "{C47829E1-55EA-4467-BFC1-661319BF5C3C}"
EndProject
Project("{FAE04EC0-301F-11D3-BF4B-00C04F79EFBC}") = "Lommeregner.iOS", "Lommeregner\Lommeregner.iOS\Lommeregner.iOS.csproj", "{87118330-58F7-432C-B2D8-0184D0230656}"
EndProject
Project("{FAE04EC0-301F-11D3-BF4B-00C04F79EFBC}") = "Lommeregner", "Lommeregner\Lommeregner\Lommeregner.csproj", "{B9131377-3827-41AA-B839-1165EB6EF9CF}"
EndProject
Global
	GlobalSection(SolutionConfigurationPlatforms) = preSolution
		Ad-Hoc|Any CPU = Ad-Hoc|Any CPU
		Ad-Hoc|ARM = Ad-Hoc|ARM
		Ad-Hoc|iPhone = Ad-Hoc|iPhone
		Ad-Hoc|iPhoneSimulator = Ad-Hoc|iPhoneSimulator
		Ad-Hoc|x64 = Ad-Hoc|x64
		Ad-Hoc|x86 = Ad-Hoc|x86
		AppStore|Any CPU = AppStore|Any CPU
		AppStore|ARM = AppStore|ARM
		AppStore|iPhone = AppStore|iPhone
		AppStore|iPhoneSimulator = AppStore|iPhoneSimulator
		AppStore|x64 = AppStore|x64
		AppStore|x86 = AppStore|x86
		Debug|Any CPU = Debug|Any CPU
		Debug|ARM = Debug|ARM
		Debug|iPhone = Debug|iPhone
		Debug|iPhoneSimulator = Debug|iPhoneSimulator
		Debug|x64 = Debug|x64
		Debug|x86 = Debug|x86
		Release|Any CPU = Release|Any CPU
		Release|ARM = Release|ARM
		Release|iPhone = Release|iPhone
		Release|iPhoneSimulator = Release|iPhoneSimulator
		Release|x64 = Release|x64
		Release|x86 = Release|x86
	EndGlobalSection
	GlobalSection(ProjectConfigurationPlatforms) = postSolution
		{C47829E1-55EA-4467-BFC1-661319BF5C3C}.Ad-Hoc|Any CPU.ActiveCfg = Release|Any CPU
		{C47829E1-55EA-4467-BFC1-661319BF5C3C}.Ad-Hoc|Any CPU.Build.0 = Release|Any CPU
		{C47829E1-55EA-4467-BFC1-661319BF5C3C}.Ad-Hoc|Any CPU.Deploy.0 = Release|Any CPU
		{C47829E1-55EA-4467-BFC1-661319BF5C3C}.Ad-Hoc|ARM.ActiveCfg = Release|Any CPU
		{C47829E1-55EA-4467-BFC1-661319BF5C3C}.Ad-Hoc|ARM.Build.0 = Release|Any CPU
		{C47829E1-55EA-4467-BFC1-661319BF5C3C}.Ad-Hoc|ARM.Deploy.0 = Release|Any CPU
		{C47829E1-55EA-4467-BFC1-661319BF5C3C}.Ad-Hoc|iPhone.ActiveCfg = Release|Any CPU
		{C47829E1-55EA-4467-BFC1-661319BF5C3C}.Ad-Hoc|iPhone.Build.0 = Release|Any CPU
		{C47829E1-55EA-4467-BFC1-661319BF5C3C}.Ad-Hoc|iPhone.Deploy.0 = Release|Any CPU
		{C47829E1-55EA-4467-BFC1-661319BF5C3C}.Ad-Hoc|iPhoneSimulator.ActiveCfg = Release|Any CPU
		{C47829E1-55EA-4467-BFC1-661319BF5C3C}.Ad-Hoc|iPhoneSimulator.Build.0 = Release|Any CPU
		{C47829E1-55EA-4467-BFC1-661319BF5C3C}.Ad-Hoc|iPhoneSimulator.Deploy.0 = Release|Any CPU
		{C47829E1-55EA-4467-BFC1-661319BF5C3C}.Ad-Hoc|x64.ActiveCfg = Release|Any CPU
		{C47829E1-55EA-4467-BFC1-661319BF5C3C}.Ad-Hoc|x64.Build.0 = Release|Any CPU
		{C47829E1-55EA-4467-BFC1-661319BF5C3C}.Ad-Hoc|x64.Deploy.0 = Release|Any CPU
		{C47829E1-55EA-4467-BFC1-661319BF5C3C}.Ad-Hoc|x86.ActiveCfg = Release|Any CPU
		{C47829E1-55EA-4467-BFC1-661319BF5C3C}.Ad-Hoc|x86.Build.0 = Release|Any CPU
		{C47829E1-55EA-4467-BFC1-661319BF5C3C}.Ad-Hoc|x86.Deploy.0 = Release|Any CPU
		{C47829E1-55EA-4467-BFC1-661319BF5C3C}.AppStore|Any CPU.ActiveCfg = Release|Any CPU
		{C47829E1-55EA-4467-BFC1-661319BF5C3C}.AppStore|Any CPU.Build.0 = Release|Any CPU
		{C47829E1-55EA-4467-BFC1-661319BF5C3C}.AppStore|Any CPU.Deploy.0 = Release|Any CPU
		{C47829E1-55EA-4467-BFC1-661319BF5C3C}.AppStore|ARM.ActiveCfg = Release|Any CPU
		{C47829E1-55EA-4467-BFC1-661319BF5C3C}.AppStore|ARM.Build.0 = Release|Any CPU
		{C47829E1-55EA-4467-BFC1-661319BF5C3C}.AppStore|ARM.Deploy.0 = Release|Any CPU
		{C47829E1-55EA-4467-BFC1-661319BF5C3C}.AppStore|iPhone.ActiveCfg = Release|Any CPU
		{C47829E1-55EA-4467-BFC1-661319BF5C3C}.AppStore|iPhone.Build.0 = Release|Any CPU
		{C47829E1-55EA-4467-BFC1-661319BF5C3C}.AppStore|iPhone.Deploy.0 = Release|Any CPU
		{C47829E1-55EA-4467-BFC1-661319BF5C3C}.AppStore|iPhoneSimulator.ActiveCfg = Release|Any CPU
		{C47829E1-55EA-4467-BFC1-661319BF5C3C}.AppStore|iPhoneSimulator.Build.0 = Release|Any CPU
		{C47829E1-55EA-4467-BFC1-661319BF5C3C}.AppStore|iPhoneSimulator.Deploy.0 = Release|Any CPU
		{C47829E1-55EA-4467-BFC1-661319BF5C3C}.AppStore|x64.ActiveCfg = Release|Any CPU
		{C47829E1-55EA-4467-BFC1-661319BF5C3C}.AppStore|x64.Build.0 = Release|Any CPU
		{C47829E1-55EA-4467-BFC1-661319BF5C3C}.AppStore|x64.Deploy.0 = Release|Any CPU
		{C47829E1-55EA-4467-BFC1-661319BF5C3C}.AppStore|x86.ActiveCfg = Release|Any CPU
		{C47829E1-55EA-4467-BFC1-661319BF5C3C}.AppStore|x86.Build.0 = Release|Any CPU
		{C47829E1-55EA-4467-BFC1-661319BF5C3C}.AppStore|x86.Deploy.0 = Release|Any CPU
		{C47829E1-55EA-4467-BFC1-661319BF5C3C}.Debug|Any CPU.ActiveCfg = Debug|Any CPU
		{C47829E1-55EA-4467-BFC1-661319BF5C3C}.Debug|Any CPU.Build.0 = Debug|Any CPU
		{C47829E1-55EA-4467-BFC1-661319BF5C3C}.Debug|Any CPU.Deploy.0 = Debug|Any CPU
		{C47829E1-55EA-4467-BFC1-661319BF5C3C}.Debug|ARM.ActiveCfg = Debug|Any CPU
		{C47829E1-55EA-4467-BFC1-661319BF5C3C}.Debug|ARM.Build.0 = Debug|Any CPU
		{C47829E1-55EA-4467-BFC1-661319BF5C3C}.Debug|ARM.Deploy.0 = Debug|Any CPU
		{C47829E1-55EA-4467-BFC1-661319BF5C3C}.Debug|iPhone.ActiveCfg = Debug|Any CPU
		{C47829E1-55EA-4467-BFC1-661319BF5C3C}.Debug|iPhone.Build.0 = Debug|Any CPU
		{C47829E1-55EA-4467-BFC1-661319BF5C3C}.Debug|iPhone.Deploy.0 = Debug|Any CPU
		{C47829E1-55EA-4467-BFC1-661319BF5C3C}.Debug|iPhoneSimulator.ActiveCfg = Debug|Any CPU
		{C47829E1-55EA-4467-BFC1-661319BF5C3C}.Debug|iPhoneSimulator.Build.0 = Debug|Any CPU
		{C47829E1-55EA-4467-BFC1-661319BF5C3C}.Debug|iPhoneSimulator.Deploy.0 = Debug|Any CPU
		{C47829E1-55EA-4467-BFC1-661319BF5C3C}.Debug|x64.ActiveCfg = Debug|Any CPU
		{C47829E1-55EA-4467-BFC1-661319BF5C3C}.Debug|x64.Build.0 = Debug|Any CPU
		{C47829E1-55EA-4467-BFC1-661319BF5C3C}.Debug|x64.Deploy.0 = Debug|Any CPU
		{C47829E1-55EA-4467-BFC1-661319BF5C3C}.Debug|x86.ActiveCfg = Debug|Any CPU
		{C47829E1-55EA-4467-BFC1-661319BF5C3C}.Debug|x86.Build.0 = Debug|Any CPU
		{C47829E1-55EA-4467-BFC1-661319BF5C3C}.Debug|x86.Deploy.0 = Debug|Any CPU
		{C47829E1-55EA-4467-BFC1-661319BF5C3C}.Release|Any CPU.ActiveCfg = Release|Any CPU
		{C47829E1-55EA-4467-BFC1-661319BF5C3C}.Release|Any CPU.Build.0 = Release|Any CPU
		{C47829E1-55EA-4467-BFC1-661319BF5C3C}.Release|Any CPU.Deploy.0 = Release|Any CPU
		{C47829E1-55EA-4467-BFC1-661319BF5C3C}.Release|ARM.ActiveCfg = Release|Any CPU
		{C47829E1-55EA-4467-BFC1-661319BF5C3C}.Release|ARM.Build.0 = Release|Any CPU
		{C47829E1-55EA-4467-BFC1-661319BF5C3C}.Release|ARM.Deploy.0 = Release|Any CPU
		{C47829E1-55EA-4467-BFC1-661319BF5C3C}.Release|iPhone.ActiveCfg = Release|Any CPU
		{C47829E1-55EA-4467-BFC1-661319BF5C3C}.Release|iPhone.Build.0 = Release|Any CPU
		{C47829E1-55EA-4467-BFC1-661319BF5C3C}.Release|iPhone.Deploy.0 = Release|Any CPU
		{C47829E1-55EA-4467-BFC1-661319BF5C3C}.Release|iPhoneSimulator.ActiveCfg = Release|Any CPU
		{C47829E1-55EA-4467-BFC1-661319BF5C3C}.Release|iPhoneSimulator.Build.0 = Release|Any CPU
		{C47829E1-55EA-4467-BFC1-661319BF5C3C}.Release|iPhoneSimulator.Deploy.0 = Release|Any CPU
		{C47829E1-55EA-4467-BFC1-661319BF5C3C}.Release|x64.ActiveCfg = Release|Any CPU
		{C47829E1-55EA-4467-BFC1-661319BF5C3C}.Release|x64.Build.0 = Release|Any CPU
		{C47829E1-55EA-4467-BFC1-661319BF5C3C}.Release|x64.Deploy.0 = Release|Any CPU
		{C47829E1-55EA-4467-BFC1-661319BF5C3C}.Release|x86.ActiveCfg = Release|Any CPU
		{C47829E1-55EA-4467-BFC1-661319BF5C3C}.Release|x86.Build.0 = Release|Any CPU
		{C47829E1-55EA-4467-BFC1-661319BF5C3C}.Release|x86.Deploy.0 = Release|Any CPU
		{87118330-58F7-432C-B2D8-0184D0230656}.Ad-Hoc|Any CPU.ActiveCfg = Ad-Hoc|iPhone
		{87118330-58F7-432C-B2D8-0184D0230656}.Ad-Hoc|ARM.ActiveCfg = Ad-Hoc|iPhone
		{87118330-58F7-432C-B2D8-0184D0230656}.Ad-Hoc|iPhone.ActiveCfg = Ad-Hoc|iPhone
		{87118330-58F7-432C-B2D8-0184D0230656}.Ad-Hoc|iPhone.Build.0 = Ad-Hoc|iPhone
		{87118330-58F7-432C-B2D8-0184D0230656}.Ad-Hoc|iPhoneSimulator.ActiveCfg = Ad-Hoc|iPhoneSimulator
		{87118330-58F7-432C-B2D8-0184D0230656}.Ad-Hoc|iPhoneSimulator.Build.0 = Ad-Hoc|iPhoneSimulator
		{87118330-58F7-432C-B2D8-0184D0230656}.Ad-Hoc|x64.ActiveCfg = Ad-Hoc|iPhone
		{87118330-58F7-432C-B2D8-0184D0230656}.Ad-Hoc|x86.ActiveCfg = Ad-Hoc|iPhone
		{87118330-58F7-432C-B2D8-0184D0230656}.AppStore|Any CPU.ActiveCfg = AppStore|iPhone
		{87118330-58F7-432C-B2D8-0184D0230656}.AppStore|ARM.ActiveCfg = AppStore|iPhone
		{87118330-58F7-432C-B2D8-0184D0230656}.AppStore|iPhone.ActiveCfg = AppStore|iPhone
		{87118330-58F7-432C-B2D8-0184D0230656}.AppStore|iPhone.Build.0 = AppStore|iPhone
		{87118330-58F7-432C-B2D8-0184D0230656}.AppStore|iPhoneSimulator.ActiveCfg = AppStore|iPhoneSimulator
		{87118330-58F7-432C-B2D8-0184D0230656}.AppStore|iPhoneSimulator.Build.0 = AppStore|iPhoneSimulator
		{87118330-58F7-432C-B2D8-0184D0230656}.AppStore|x64.ActiveCfg = AppStore|iPhone
		{87118330-58F7-432C-B2D8-0184D0230656}.AppStore|x86.ActiveCfg = AppStore|iPhone
		{87118330-58F7-432C-B2D8-0184D0230656}.Debug|Any CPU.ActiveCfg = Debug|iPhone
		{87118330-58F7-432C-B2D8-0184D0230656}.Debug|ARM.ActiveCfg = Debug|iPhone
		{87118330-58F7-432C-B2D8-0184D0230656}.Debug|iPhone.ActiveCfg = Debug|iPhone
		{87118330-58F7-432C-B2D8-0184D0230656}.Debug|iPhone.Build.0 = Debug|iPhone
		{87118330-58F7-432C-B2D8-0184D0230656}.Debug|iPhoneSimulator.ActiveCfg = Debug|iPhoneSimulator
		{87118330-58F7-432C-B2D8-0184D0230656}.Debug|iPhoneSimulator.Build.0 = Debug|iPhoneSimulator
		{87118330-58F7-432C-B2D8-0184D0230656}.Debug|x64.ActiveCfg = Debug|iPhone
		{87118330-58F7-432C-B2D8-0184D0230656}.Debug|x86.ActiveCfg = Debug|iPhone
		{87118330-58F7-432C-B2D8-0184D0230656}.Release|Any CPU.ActiveCfg = Release|iPhone
		{87118330-58F7-432C-B2D8-0184D0230656}.Release|ARM.ActiveCfg = Release|iPhone
		{87118330-58F7-432C-B2D8-0184D0230656}.Release|iPhone.ActiveCfg = Release|iPhone
		{87118330-58F7-432C-B2D8-0184D0230656}.Release|iPhone.Build.0 = Release|iPhone
		{87118330-58F7-432C-B2D8-0184D0230656}.Release|iPhoneSimulator.ActiveCfg = Release|iPhoneSimulator
		{87118330-58F7-432C-B2D8-0184D0230656}.Release|iPhoneSimulator.Build.0 = Release|iPhoneSimulator
		{87118330-58F7-432C-B2D8-0184D0230656}.Release|x64.ActiveCfg = Release|iPhone
		{87118330-58F7-432C-B2D8-0184D0230656}.Release|x86.ActiveCfg = Release|iPhone
		{B9131377-3827-41AA-B839-1165EB6EF9CF}.Ad-Hoc|Any CPU.ActiveCfg = Release|Any CPU
		{B9131377-3827-41AA-B839-1165EB6EF9CF}.Ad-Hoc|Any CPU.Build.0 = Release|Any CPU
		{B9131377-3827-41AA-B839-1165EB6EF9CF}.Ad-Hoc|ARM.ActiveCfg = Release|Any CPU
		{B9131377-3827-41AA-B839-1165EB6EF9CF}.Ad-Hoc|ARM.Build.0 = Release|Any CPU
		{B9131377-3827-41AA-B839-1165EB6EF9CF}.Ad-Hoc|iPhone.ActiveCfg = Release|Any CPU
		{B9131377-3827-41AA-B839-1165EB6EF9CF}.Ad-Hoc|iPhone.Build.0 = Release|Any CPU
		{B9131377-3827-41AA-B839-1165EB6EF9CF}.Ad-Hoc|iPhoneSimulator.ActiveCfg = Release|Any CPU
		{B9131377-3827-41AA-B839-1165EB6EF9CF}.Ad-Hoc|iPhoneSimulator.Build.0 = Release|Any CPU
		{B9131377-3827-41AA-B839-1165EB6EF9CF}.Ad-Hoc|x64.ActiveCfg = Release|Any CPU
		{B9131377-3827-41AA-B839-1165EB6EF9CF}.Ad-Hoc|x64.Build.0 = Release|Any CPU
		{B9131377-3827-41AA-B839-1165EB6EF9CF}.Ad-Hoc|x86.ActiveCfg = Release|Any CPU
		{B9131377-3827-41AA-B839-1165EB6EF9CF}.Ad-Hoc|x86.Build.0 = Release|Any CPU
		{B9131377-3827-41AA-B839-1165EB6EF9CF}.AppStore|Any CPU.ActiveCfg = Release|Any CPU
		{B9131377-3827-41AA-B839-1165EB6EF9CF}.AppStore|Any CPU.Build.0 = Release|Any CPU
		{B9131377-3827-41AA-B839-1165EB6EF9CF}.AppStore|ARM.ActiveCfg = Release|Any CPU
		{B9131377-3827-41AA-B839-1165EB6EF9CF}.AppStore|ARM.Build.0 = Release|Any CPU
		{B9131377-3827-41AA-B839-1165EB6EF9CF}.AppStore|iPhone.ActiveCfg = Release|Any CPU
		{B9131377-3827-41AA-B839-1165EB6EF9CF}.AppStore|iPhone.Build.0 = Release|Any CPU
		{B9131377-3827-41AA-B839-1165EB6EF9CF}.AppStore|iPhoneSimulator.ActiveCfg = Release|Any CPU
		{B9131377-3827-41AA-B839-1165EB6EF9CF}.AppStore|iPhoneSimulator.Build.0 = Release|Any CPU
		{B9131377-3827-41AA-B839-1165EB6EF9CF}.AppStore|x64.ActiveCfg = Release|Any CPU
		{B9131377-3827-41AA-B839-1165EB6EF9CF}.AppStore|x64.Build.0 = Release|Any CPU
		{B9131377-3827-41AA-B839-1165EB6EF9CF}.AppStore|x86.ActiveCfg = Release|Any CPU
		{B9131377-3827-41AA-B839-1165EB6EF9CF}.AppStore|x86.Build.0 = Release|Any CPU
		{B9131377-3827-41AA-B839-1165EB6EF9CF}.Debug|Any CPU.ActiveCfg = Debug|Any CPU
		{B9131377-3827-41AA-B839-1165EB6EF9CF}.Debug|Any CPU.Build.0 = Debug|Any CPU
		{B9131377-3827-41AA-B839-1165EB6EF9CF}.Debug|ARM.ActiveCfg = Debug|Any CPU
		{B9131377-3827-41AA-B839-1165EB6EF9CF}.Debug|ARM.Build.0 = Debug|Any CPU
		{B9131377-3827-41AA-B839-1165EB6EF9CF}.Debug|iPhone.ActiveCfg = Debug|Any CPU
		{B9131377-3827-41AA-B839-1165EB6EF9CF}.Debug|iPhone.Build.0 = Debug|Any CPU
		{B9131377-3827-41AA-B839-1165EB6EF9CF}.Debug|iPhoneSimulator.ActiveCfg = Debug|Any CPU
		{B9131377-3827-41AA-B839-1165EB6EF9CF}.Debug|iPhoneSimulator.Build.0 = Debug|Any CPU
		{B9131377-3827-41AA-B839-1165EB6EF9CF}.Debug|x64.ActiveCfg = Debug|Any CPU
		{B9131377-3827-41AA-B839-1165EB6EF9CF}.Debug|x64.Build.0 = Debug|Any CPU
		{B9131377-3827-41AA-B839-1165EB6EF9CF}.Debug|x86.ActiveCfg = Debug|Any CPU
		{B9131377-3827-41AA-B839-1165EB6EF9CF}.Debug|x86.Build.0 = Debug|Any CPU
		{B9131377-3827-41AA-B839-1165EB6EF9CF}.Release|Any CPU.ActiveCfg = Release|Any CPU
		{B9131377-3827-41AA-B839-1165EB6EF9CF}.Release|Any CPU.Build.0 = Release|Any CPU
		{B9131377-3827-41AA-B839-1165EB6EF9CF}.Release|ARM.ActiveCfg = Release|Any CPU
		{B9131377-3827-41AA-B839-1165EB6EF9CF}.Release|ARM.Build.0 = Release|Any CPU
		{B9131377-3827-41AA-B839-1165EB6EF9CF}.Release|iPhone.ActiveCfg = Release|Any CPU
		{B9131377-3827-41AA-B839-1165EB6EF9CF}.Release|iPhone.Build.0 = Release|Any CPU
		{B9131377-3827-41AA-B839-1165EB6EF9CF}.Release|iPhoneSimulator.ActiveCfg = Release|Any CPU
		{B9131377-3827-41AA-B839-1165EB6EF9CF}.Release|iPhoneSimulator.Build.0 = Release|Any CPU
		{B9131377-3827-41AA-B839-1165EB6EF9CF}.Release|x64.ActiveCfg = Release|Any CPU
		{B9131377-3827-41AA-B839-1165EB6EF9CF}.Release|x64.Build.0 = Release|Any CPU
		{B9131377-3827-41AA-B839-1165EB6EF9CF}.Release|x86.ActiveCfg = Release|Any CPU
		{B9131377-3827-41AA-B839-1165EB6EF9CF}.Release|x86.Build.0 = Release|Any CPU
	EndGlobalSection
	GlobalSection(SolutionProperties) = preSolution
		HideSolutionNode = FALSE
	EndGlobalSection
EndGlobal
